
Microsoft Visual Studio Solution File, Format Version 12.00
# Visual Studio Version 17
VisualStudioVersion = 17.13.35825.156
MinimumVisualStudioVersion = 10.0.40219.1
Project("{FAE04EC0-301F-11D3-BF4B-00C04F79EFBC}") = "0319", "0319\0319.csproj", "{22FA57D6-614B-46D5-AEE4-5D7EA223B53C}"
EndProject
Project("{FAE04EC0-301F-11D3-BF4B-00C04F79EFBC}") = "0324_Practice", "0324_Practice\0324_Practice.csproj", "{817F371B-9975-4DB3-AB2C-E0B60683458C}"
EndProject
Project("{FAE04EC0-301F-11D3-BF4B-00C04F79EFBC}") = "0325_Practice_Inheritance", "0325_Practice_Inheritance\0325_Practice_Inheritance.csproj", "{7C12EA77-3B53-4026-891E-374B4DA2665F}"
EndProject
Project("{FAE04EC0-301F-11D3-BF4B-00C04F79EFBC}") = "0326_practice_interface", "0326_practice_interface\0326_practice_interface.csproj", "{F43BE711-47AD-43A7-A2B0-CB129A8FEFBF}"
EndProject
Global
	GlobalSection(SolutionConfigurationPlatforms) = preSolution
		Debug|Any CPU = Debug|Any CPU
		Release|Any CPU = Release|Any CPU
	EndGlobalSection
	GlobalSection(ProjectConfigurationPlatforms) = postSolution
		{22FA57D6-614B-46D5-AEE4-5D7EA223B53C}.Debug|Any CPU.ActiveCfg = Debug|Any CPU
		{22FA57D6-614B-46D5-AEE4-5D7EA223B53C}.Debug|Any CPU.Build.0 = Debug|Any CPU
		{22FA57D6-614B-46D5-AEE4-5D7EA223B53C}.Release|Any CPU.ActiveCfg = Release|Any CPU
		{22FA57D6-614B-46D5-AEE4-5D7EA223B53C}.Release|Any CPU.Build.0 = Release|Any CPU
		{817F371B-9975-4DB3-AB2C-E0B60683458C}.Debug|Any CPU.ActiveCfg = Debug|Any CPU
		{817F371B-9975-4DB3-AB2C-E0B60683458C}.Debug|Any CPU.Build.0 = Debug|Any CPU
		{817F371B-9975-4DB3-AB2C-E0B60683458C}.Release|Any CPU.ActiveCfg = Release|Any CPU
		{817F371B-9975-4DB3-AB2C-E0B60683458C}.Release|Any CPU.Build.0 = Release|Any CPU
		{7C12EA77-3B53-4026-891E-374B4DA2665F}.Debug|Any CPU.ActiveCfg = Debug|Any CPU
		{7C12EA77-3B53-4026-891E-374B4DA2665F}.Debug|Any CPU.Build.0 = Debug|Any CPU
		{7C12EA77-3B53-4026-891E-374B4DA2665F}.Release|Any CPU.ActiveCfg = Release|Any CPU
		{7C12EA77-3B53-4026-891E-374B4DA2665F}.Release|Any CPU.Build.0 = Release|Any CPU
		{F43BE711-47AD-43A7-A2B0-CB129A8FEFBF}.Debug|Any CPU.ActiveCfg = Debug|Any CPU
		{F43BE711-47AD-43A7-A2B0-CB129A8FEFBF}.Debug|Any CPU.Build.0 = Debug|Any CPU
		{F43BE711-47AD-43A7-A2B0-CB129A8FEFBF}.Release|Any CPU.ActiveCfg = Release|Any CPU
		{F43BE711-47AD-43A7-A2B0-CB129A8FEFBF}.Release|Any CPU.Build.0 = Release|Any CPU
	EndGlobalSection
	GlobalSection(SolutionProperties) = preSolution
		HideSolutionNode = FALSE
	EndGlobalSection
	GlobalSection(ExtensibilityGlobals) = postSolution
		SolutionGuid = {F13B5675-FF45-4AD6-B418-BF5E36E0E2B7}
	EndGlobalSection
EndGlobal
